{
  "version": 4,
  "terraform_version": "1.14.0",
  "serial": 42,
  "lineage": "3afae085-8c54-cf83-2730-4152e037a499",
  "outputs": {
    "dokploy_server_ipv4": {
      "value": "",
      "type": "string"
    },
    "dokploy_server_ipv6": {
      "value": "2a01:4f8:1c1c:90d8::1",
      "type": "string"
    }
  },
  "resources": [
    {
      "mode": "managed",
      "type": "hcloud_server",
      "name": "dokploy",
      "provider": "provider[\"registry.terraform.io/hetznercloud/hcloud\"]",
      "instances": [
        {
          "schema_version": 0,
          "attributes": {
            "allow_deprecated_images": false,
            "backup_window": "",
            "backups": false,
            "datacenter": "nbg1-dc3",
            "delete_protection": false,
            "firewall_ids": [],
            "id": "113764109",
            "ignore_remote_firewall_ids": false,
            "image": "debian-13",
            "ipv4_address": "195.201.18.24",
            "ipv6_address": "2a01:4f8:1c1c:90d8::1",
            "ipv6_network": "2a01:4f8:1c1c:90d8::/64",
            "iso": null,
            "keep_disk": false,
            "labels": {},
            "location": "nbg1",
            "name": "dokploy",
            "network": [],
            "placement_group_id": 0,
            "primary_disk_size": 80,
            "public_net": [
              {
                "ipv4": 0,
                "ipv4_enabled": true,
                "ipv6": 0,
                "ipv6_enabled": true
              }
            ],
            "rebuild_protection": false,
            "rescue": null,
            "server_type": "cx33",
            "shutdown_before_deletion": false,
            "ssh_keys": null,
            "status": "running",
            "timeouts": null,
            "user_data": null
          },
          "sensitive_attributes": [],
          "identity_schema_version": 0,
          "private": "eyJlMmJmYjczMC1lY2FhLTExZTYtOGY4OC0zNDM2M2JjN2M0YzAiOnsiY3JlYXRlIjo1NDAwMDAwMDAwMDAwfX0="
        }
      ]
    }
  ],
  "check_results": null
}
